// !$*UTF8*$!
{
	archiveVersion = 1;
	classes = {
	};
	objectVersion = 50;
	objects = {

/* Begin PBXBuildFile section */
		92E4E49C212FF8CE0017A8F7 /* AppDelegate.swift in Sources */ = {isa = PBXBuildFile; fileRef = 92E4E49B212FF8CE0017A8F7 /* AppDelegate.swift */; };
		92E4E49E212FF8CE0017A8F7 /* ViewController.swift in Sources */ = {isa = PBXBuildFile; fileRef = 92E4E49D212FF8CE0017A8F7 /* ViewController.swift */; };
		92E4E4A1212FF8CE0017A8F7 /* Main.storyboard in Resources */ = {isa = PBXBuildFile; fileRef = 92E4E49F212FF8CE0017A8F7 /* Main.storyboard */; };
		92E4E4A3212FF8D00017A8F7 /* Assets.xcassets in Resources */ = {isa = PBXBuildFile; fileRef = 92E4E4A2212FF8D00017A8F7 /* Assets.xcassets */; };
		92E4E4A6212FF8D00017A8F7 /* LaunchScreen.storyboard in Resources */ = {isa = PBXBuildFile; fileRef = 92E4E4A4212FF8D00017A8F7 /* LaunchScreen.storyboard */; };
		92E4E4B1212FF8D00017A8F7 /* GesturesTests.swift in Sources */ = {isa = PBXBuildFile; fileRef = 92E4E4B0212FF8D00017A8F7 /* GesturesTests.swift */; };
		92E4E4BC212FF8D00017A8F7 /* GesturesUITests.swift in Sources */ = {isa = PBXBuildFile; fileRef = 92E4E4BB212FF8D00017A8F7 /* GesturesUITests.swift */; };
/* End PBXBuildFile section */

/* Begin PBXContainerItemProxy section */
		92E4E4AD212FF8D00017A8F7 /* PBXContainerItemProxy */ = {
			isa = PBXContainerItemProxy;
			containerPortal = 92E4E490212FF8CE0017A8F7 /* Project object */;
			proxyType = 1;
			remoteGlobalIDString = 92E4E497212FF8CE0017A8F7;
			remoteInfo = Gestures;
		};
		92E4E4B8212FF8D00017A8F7 /* PBXContainerItemProxy */ = {
			isa = PBXContainerItemProxy;
			containerPortal = 92E4E490212FF8CE0017A8F7 /* Project object */;
			proxyType = 1;
			remoteGlobalIDString = 92E4E497212FF8CE0017A8F7;
			remoteInfo = Gestures;
		};
/* End PBXContainerItemProxy section */

/* Begin PBXFileReference section */
		92E4E498212FF8CE0017A8F7 /* Gestures.app */ = {isa = PBXFileReference; explicitFileType = wrapper.application; includeInIndex = 0; path = Gestures.app; sourceTree = BUILT_PRODUCTS_DIR; };
		92E4E49B212FF8CE0017A8F7 /* AppDelegate.swift */ = {isa = PBXFileReference; lastKnownFileType = sourcecode.swift; path = AppDelegate.swift; sourceTree = "<group>"; };
		92E4E49D212FF8CE0017A8F7 /* ViewController.swift */ = {isa = PBXFileReference; lastKnownFileType = sourcecode.swift; path = ViewController.swift; sourceTree = "<group>"; };
		92E4E4A0212FF8CE0017A8F7 /* Base */ = {isa = PBXFileReference; lastKnownFileType = file.storyboard; name = Base; path = Base.lproj/Main.storyboard; sourceTree = "<group>"; };
		92E4E4A2212FF8D00017A8F7 /* Assets.xcassets */ = {isa = PBXFileReference; lastKnownFileType = folder.assetcatalog; path = Assets.xcassets; sourceTree = "<group>"; };
		92E4E4A5212FF8D00017A8F7 /* Base */ = {isa = PBXFileReference; lastKnownFileType = file.storyboard; name = Base; path = Base.lproj/LaunchScreen.storyboard; sourceTree = "<group>"; };
		92E4E4A7212FF8D00017A8F7 /* Info.plist */ = {isa = PBXFileReference; lastKnownFileType = text.plist.xml; path = Info.plist; sourceTree = "<group>"; };
		92E4E4AC212FF8D00017A8F7 /* GesturesTests.xctest */ = {isa = PBXFileReference; explicitFileType = wrapper.cfbundle; includeInIndex = 0; path = GesturesTests.xctest; sourceTree = BUILT_PRODUCTS_DIR; };
		92E4E4B0212FF8D00017A8F7 /* GesturesTests.swift */ = {isa = PBXFileReference; lastKnownFileType = sourcecode.swift; path = GesturesTests.swift; sourceTree = "<group>"; };
		92E4E4B2212FF8D00017A8F7 /* Info.plist */ = {isa = PBXFileReference; lastKnownFileType = text.plist.xml; path = Info.plist; sourceTree = "<group>"; };
		92E4E4B7212FF8D00017A8F7 /* GesturesUITests.xctest */ = {isa = PBXFileReference; explicitFileType = wrapper.cfbundle; includeInIndex = 0; path = GesturesUITests.xctest; sourceTree = BUILT_PRODUCTS_DIR; };
		92E4E4BB212FF8D00017A8F7 /* GesturesUITests.swift */ = {isa = PBXFileReference; lastKnownFileType = sourcecode.swift; path = GesturesUITests.swift; sourceTree = "<group>"; };
		92E4E4BD212FF8D00017A8F7 /* Info.plist */ = {isa = PBXFileReference; lastKnownFileType = text.plist.xml; path = Info.plist; sourceTree = "<group>"; };
/* End PBXFileReference section */

/* Begin PBXFrameworksBuildPhase section */
		92E4E495212FF8CE0017A8F7 /* Frameworks */ = {
			isa = PBXFrameworksBuildPhase;
			buildActionMask = 2147483647;
			files = (
			);
			runOnlyForDeploymentPostprocessing = 0;
		};
		92E4E4A9212FF8D00017A8F7 /* Frameworks */ = {
			isa = PBXFrameworksBuildPhase;
			buildActionMask = 2147483647;
			files = (
			);
			runOnlyForDeploymentPostprocessing = 0;
		};
		92E4E4B4212FF8D00017A8F7 /* Frameworks */ = {
			isa = PBXFrameworksBuildPhase;
			buildActionMask = 2147483647;
			files = (
			);
			runOnlyForDeploymentPostprocessing = 0;
		};
/* End PBXFrameworksBuildPhase section */

/* Begin PBXGroup section */
		92E4E48F212FF8CE0017A8F7 = {
			isa = PBXGroup;
			children = (
				92E4E49A212FF8CE0017A8F7 /* Gestures */,
				92E4E4AF212FF8D00017A8F7 /* GesturesTests */,
				92E4E4BA212FF8D00017A8F7 /* GesturesUITests */,
				92E4E499212FF8CE0017A8F7 /* Products */,
			);
			sourceTree = "<group>";
		};
		92E4E499212FF8CE0017A8F7 /* Products */ = {
			isa = PBXGroup;
			children = (
				92E4E498212FF8CE0017A8F7 /* Gestures.app */,
				92E4E4AC212FF8D00017A8F7 /* GesturesTests.xctest */,
				92E4E4B7212FF8D00017A8F7 /* GesturesUITests.xctest */,
			);
			name = Products;
			sourceTree = "<group>";
		};
		92E4E49A212FF8CE0017A8F7 /* Gestures */ = {
			isa = PBXGroup;
			children = (
				92E4E49B212FF8CE0017A8F7 /* AppDelegate.swift */,
				92E4E49D212FF8CE0017A8F7 /* ViewController.swift */,
				92E4E49F212FF8CE0017A8F7 /* Main.storyboard */,
				92E4E4A2212FF8D00017A8F7 /* Assets.xcassets */,
				92E4E4A4212FF8D00017A8F7 /* LaunchScreen.storyboard */,
				92E4E4A7212FF8D00017A8F7 /* Info.plist */,
			);
			path = Gestures;
			sourceTree = "<group>";
		};
		92E4E4AF212FF8D00017A8F7 /* GesturesTests */ = {
			isa = PBXGroup;
			children = (
				92E4E4B0212FF8D00017A8F7 /* GesturesTests.swift */,
				92E4E4B2212FF8D00017A8F7 /* Info.plist */,
			);
			path = GesturesTests;
			sourceTree = "<group>";
		};
		92E4E4BA212FF8D00017A8F7 /* GesturesUITests */ = {
			isa = PBXGroup;
			children = (
				92E4E4BB212FF8D00017A8F7 /* GesturesUITests.swift */,
				92E4E4BD212FF8D00017A8F7 /* Info.plist */,
			);
			path = GesturesUITests;
			sourceTree = "<group>";
		};
/* End PBXGroup section */

/* Begin PBXNativeTarget section */
		92E4E497212FF8CE0017A8F7 /* Gestures */ = {
			isa = PBXNativeTarget;
			buildConfigurationList = 92E4E4C0212FF8D00017A8F7 /* Build configuration list for PBXNativeTarget "Gestures" */;
			buildPhases = (
				92E4E494212FF8CE0017A8F7 /* Sources */,
				92E4E495212FF8CE0017A8F7 /* Frameworks */,
				92E4E496212FF8CE0017A8F7 /* Resources */,
			);
			buildRules = (
			);
			dependencies = (
			);
			name = Gestures;
			productName = Gestures;
			productReference = 92E4E498212FF8CE0017A8F7 /* Gestures.app */;
			productType = "com.apple.product-type.application";
		};
		92E4E4AB212FF8D00017A8F7 /* GesturesTests */ = {
			isa = PBXNativeTarget;
			buildConfigurationList = 92E4E4C3212FF8D00017A8F7 /* Build configuration list for PBXNativeTarget "GesturesTests" */;
			buildPhases = (
				92E4E4A8212FF8D00017A8F7 /* Sources */,
				92E4E4A9212FF8D00017A8F7 /* Frameworks */,
				92E4E4AA212FF8D00017A8F7 /* Resources */,
			);
			buildRules = (
			);
			dependencies = (
				92E4E4AE212FF8D00017A8F7 /* PBXTargetDependency */,
			);
			name = GesturesTests;
			productName = GesturesTests;
			productReference = 92E4E4AC212FF8D00017A8F7 /* GesturesTests.xctest */;
			productType = "com.apple.product-type.bundle.unit-test";
		};
		92E4E4B6212FF8D00017A8F7 /* GesturesUITests */ = {
			isa = PBXNativeTarget;
			buildConfigurationList = 92E4E4C6212FF8D00017A8F7 /* Build configuration list for PBXNativeTarget "GesturesUITests" */;
			buildPhases = (
				92E4E4B3212FF8D00017A8F7 /* Sources */,
				92E4E4B4212FF8D00017A8F7 /* Frameworks */,
				92E4E4B5212FF8D00017A8F7 /* Resources */,
			);
			buildRules = (
			);
			dependencies = (
				92E4E4B9212FF8D00017A8F7 /* PBXTargetDependency */,
			);
			name = GesturesUITests;
			productName = GesturesUITests;
			productReference = 92E4E4B7212FF8D00017A8F7 /* GesturesUITests.xctest */;
			productType = "com.apple.product-type.bundle.ui-testing";
		};
/* End PBXNativeTarget section */

/* Begin PBXProject section */
		92E4E490212FF8CE0017A8F7 /* Project object */ = {
			isa = PBXProject;
			attributes = {
				LastSwiftUpdateCheck = 0940;
				LastUpgradeCheck = 0940;
				ORGANIZATIONNAME = quinnpan;
				TargetAttributes = {
					92E4E497212FF8CE0017A8F7 = {
						CreatedOnToolsVersion = 9.4.1;
					};
					92E4E4AB212FF8D00017A8F7 = {
						CreatedOnToolsVersion = 9.4.1;
						TestTargetID = 92E4E497212FF8CE0017A8F7;
					};
					92E4E4B6212FF8D00017A8F7 = {
						CreatedOnToolsVersion = 9.4.1;
						TestTargetID = 92E4E497212FF8CE0017A8F7;
					};
				};
			};
			buildConfigurationList = 92E4E493212FF8CE0017A8F7 /* Build configuration list for PBXProject "Gestures" */;
			compatibilityVersion = "Xcode 9.3";
			developmentRegion = en;
			hasScannedForEncodings = 0;
			knownRegions = (
				en,
				Base,
			);
			mainGroup = 92E4E48F212FF8CE0017A8F7;
			productRefGroup = 92E4E499212FF8CE0017A8F7 /* Products */;
			projectDirPath = "";
			projectRoot = "";
			targets = (
				92E4E497212FF8CE0017A8F7 /* Gestures */,
				92E4E4AB212FF8D00017A8F7 /* GesturesTests */,
				92E4E4B6212FF8D00017A8F7 /* GesturesUITests */,
			);
		};
/* End PBXProject section */

/* Begin PBXResourcesBuildPhase section */
		92E4E496212FF8CE0017A8F7 /* Resources */ = {
			isa = PBXResourcesBuildPhase;
			buildActionMask = 2147483647;
			files = (
				92E4E4A6212FF8D00017A8F7 /* LaunchScreen.storyboard in Resources */,
				92E4E4A3212FF8D00017A8F7 /* Assets.xcassets in Resources */,
				92E4E4A1212FF8CE0017A8F7 /* Main.storyboard in Resources */,
			);
			runOnlyForDeploymentPostprocessing = 0;
		};
		92E4E4AA212FF8D00017A8F7 /* Resources */ = {
			isa = PBXResourcesBuildPhase;
			buildActionMask = 2147483647;
			files = (
			);
			runOnlyForDeploymentPostprocessing = 0;
		};
		92E4E4B5212FF8D00017A8F7 /* Resources */ = {
			isa = PBXResourcesBuildPhase;
			buildActionMask = 2147483647;
			files = (
			);
			runOnlyForDeploymentPostprocessing = 0;
		};
/* End PBXResourcesBuildPhase section */

/* Begin PBXSourcesBuildPhase section */
		92E4E494212FF8CE0017A8F7 /* Sources */ = {
			isa = PBXSourcesBuildPhase;
			buildActionMask = 2147483647;
			files = (
				92E4E49E212FF8CE0017A8F7 /* ViewController.swift in Sources */,
				92E4E49C212FF8CE0017A8F7 /* AppDelegate.swift in Sources */,
			);
			runOnlyForDeploymentPostprocessing = 0;
		};
		92E4E4A8212FF8D00017A8F7 /* Sources */ = {
			isa = PBXSourcesBuildPhase;
			buildActionMask = 2147483647;
			files = (
				92E4E4B1212FF8D00017A8F7 /* GesturesTests.swift in Sources */,
			);
			runOnlyForDeploymentPostprocessing = 0;
		};
		92E4E4B3212FF8D00017A8F7 /* Sources */ = {
			isa = PBXSourcesBuildPhase;
			buildActionMask = 2147483647;
			files = (
				92E4E4BC212FF8D00017A8F7 /* GesturesUITests.swift in Sources */,
			);
			runOnlyForDeploymentPostprocessing = 0;
		};
/* End PBXSourcesBuildPhase section */

/* Begin PBXTargetDependency section */
		92E4E4AE212FF8D00017A8F7 /* PBXTargetDependency */ = {
			isa = PBXTargetDependency;
			target = 92E4E497212FF8CE0017A8F7 /* Gestures */;
			targetProxy = 92E4E4AD212FF8D00017A8F7 /* PBXContainerItemProxy */;
		};
		92E4E4B9212FF8D00017A8F7 /* PBXTargetDependency */ = {
			isa = PBXTargetDependency;
			target = 92E4E497212FF8CE0017A8F7 /* Gestures */;
			targetProxy = 92E4E4B8212FF8D00017A8F7 /* PBXContainerItemProxy */;
		};
/* End PBXTargetDependency section */

/* Begin PBXVariantGroup section */
		92E4E49F212FF8CE0017A8F7 /* Main.storyboard */ = {
			isa = PBXVariantGroup;
			children = (
				92E4E4A0212FF8CE0017A8F7 /* Base */,
			);
			name = Main.storyboard;
			sourceTree = "<group>";
		};
		92E4E4A4212FF8D00017A8F7 /* LaunchScreen.storyboard */ = {
			isa = PBXVariantGroup;
			children = (
				92E4E4A5212FF8D00017A8F7 /* Base */,
			);
			name = LaunchScreen.storyboard;
			sourceTree = "<group>";
		};
/* End PBXVariantGroup section */

/* Begin XCBuildConfiguration section */
		92E4E4BE212FF8D00017A8F7 /* Debug */ = {
			isa = XCBuildConfiguration;
			buildSettings = {
				ALWAYS_SEARCH_USER_PATHS = NO;
				CLANG_ANALYZER_NONNULL = YES;
				CLANG_ANALYZER_NUMBER_OBJECT_CONVERSION = YES_AGGRESSIVE;
				CLANG_CXX_LANGUAGE_STANDARD = "gnu++14";
				CLANG_CXX_LIBRARY = "libc++";
				CLANG_ENABLE_MODULES = YES;
				CLANG_ENABLE_OBJC_ARC = YES;
				CLANG_ENABLE_OBJC_WEAK = YES;
				CLANG_WARN_BLOCK_CAPTURE_AUTORELEASING = YES;
				CLANG_WARN_BOOL_CONVERSION = YES;
				CLANG_WARN_COMMA = YES;
				CLANG_WARN_CONSTANT_CONVERSION = YES;
				CLANG_WARN_DEPRECATED_OBJC_IMPLEMENTATIONS = YES;
				CLANG_WARN_DIRECT_OBJC_ISA_USAGE = YES_ERROR;
				CLANG_WARN_DOCUMENTATION_COMMENTS = YES;
				CLANG_WARN_EMPTY_BODY = YES;
				CLANG_WARN_ENUM_CONVERSION = YES;
				CLANG_WARN_INFINITE_RECURSION = YES;
				CLANG_WARN_INT_CONVERSION = YES;
				CLANG_WARN_NON_LITERAL_NULL_CONVERSION = YES;
				CLANG_WARN_OBJC_IMPLICIT_RETAIN_SELF = YES;
				CLANG_WARN_OBJC_LITERAL_CONVERSION = YES;
				CLANG_WARN_OBJC_ROOT_CLASS = YES_ERROR;
				CLANG_WARN_RANGE_LOOP_ANALYSIS = YES;
				CLANG_WARN_STRICT_PROTOTYPES = YES;
				CLANG_WARN_SUSPICIOUS_MOVE = YES;
				CLANG_WARN_UNGUARDED_AVAILABILITY = YES_AGGRESSIVE;
				CLANG_WARN_UNREACHABLE_CODE = YES;
				CLANG_WARN__DUPLICATE_METHOD_MATCH = YES;
				CODE_SIGN_IDENTITY = "iPhone Developer";
				COPY_PHASE_STRIP = NO;
				DEBUG_INFORMATION_FORMAT = dwarf;
				ENABLE_STRICT_OBJC_MSGSEND = YES;
				ENABLE_TESTABILITY = YES;
				GCC_C_LANGUAGE_STANDARD = gnu11;
				GCC_DYNAMIC_NO_PIC = NO;
				GCC_NO_COMMON_BLOCKS = YES;
				GCC_OPTIMIZATION_LEVEL = 0;
				GCC_PREPROCESSOR_DEFINITIONS = (
					"DEBUG=1",
					"$(inherited)",
				);
				GCC_WARN_64_TO_32_BIT_CONVERSION = YES;
				GCC_WARN_ABOUT_RETURN_TYPE = YES_ERROR;
				GCC_WARN_UNDECLARED_SELECTOR = YES;
				GCC_WARN_UNINITIALIZED_AUTOS = YES_AGGRESSIVE;
				GCC_WARN_UNUSED_FUNCTION = YES;
				GCC_WARN_UNUSED_VARIABLE = YES;
				IPHONEOS_DEPLOYMENT_TARGET = 11.4;
				MTL_ENABLE_DEBUG_INFO = YES;
				ONLY_ACTIVE_ARCH = YES;
				SDKROOT = iphoneos;
				SWIFT_ACTIVE_COMPILATION_CONDITIONS = DEBUG;
				SWIFT_OPTIMIZATION_LEVEL = "-Onone";
			};
			name = Debug;
		};
		92E4E4BF212FF8D00017A8F7 /* Release */ = {
			isa = XCBuildConfiguration;
			buildSettings = {
				ALWAYS_SEARCH_USER_PATHS = NO;
				CLANG_ANALYZER_NONNULL = YES;
				CLANG_ANALYZER_NUMBER_OBJECT_CONVERSION = YES_AGGRESSIVE;
				CLANG_CXX_LANGUAGE_STANDARD = "gnu++14";
				CLANG_CXX_LIBRARY = "libc++";
				CLANG_ENABLE_MODULES = YES;
				CLANG_ENABLE_OBJC_ARC = YES;
				CLANG_ENABLE_OBJC_WEAK = YES;
				CLANG_WARN_BLOCK_CAPTURE_AUTORELEASING = YES;
				CLANG_WARN_BOOL_CONVERSION = YES;
				CLANG_WARN_COMMA = YES;
				CLANG_WARN_CONSTANT_CONVERSION = YES;
				CLANG_WARN_DEPRECATED_OBJC_IMPLEMENTATIONS = YES;
				CLANG_WARN_DIRECT_OBJC_ISA_USAGE = YES_ERROR;
				CLANG_WARN_DOCUMENTATION_COMMENTS = YES;
				CLANG_WARN_EMPTY_BODY = YES;
				CLANG_WARN_ENUM_CONVERSION = YES;
				CLANG_WARN_INFINITE_RECURSION = YES;
				CLANG_WARN_INT_CONVERSION = YES;
				CLANG_WARN_NON_LITERAL_NULL_CONVERSION = YES;
				CLANG_WARN_OBJC_IMPLICIT_RETAIN_SELF = YES;
				CLANG_WARN_OBJC_LITERAL_CONVERSION = YES;
				CLANG_WARN_OBJC_ROOT_CLASS = YES_ERROR;
				CLANG_WARN_RANGE_LOOP_ANALYSIS = YES;
				CLANG_WARN_STRICT_PROTOTYPES = YES;
				CLANG_WARN_SUSPICIOUS_MOVE = YES;
				CLANG_WARN_UNGUARDED_AVAILABILITY = YES_AGGRESSIVE;
				CLANG_WARN_UNREACHABLE_CODE = YES;
				CLANG_WARN__DUPLICATE_METHOD_MATCH = YES;
				CODE_SIGN_IDENTITY = "iPhone Developer";
				COPY_PHASE_STRIP = NO;
				DEBUG_INFORMATION_FORMAT = "dwarf-with-dsym";
				ENABLE_NS_ASSERTIONS = NO;
				ENABLE_STRICT_OBJC_MSGSEND = YES;
				GCC_C_LANGUAGE_STANDARD = gnu11;
				GCC_NO_COMMON_BLOCKS = YES;
				GCC_WARN_64_TO_32_BIT_CONVERSION = YES;
				GCC_WARN_ABOUT_RETURN_TYPE = YES_ERROR;
				GCC_WARN_UNDECLARED_SELECTOR = YES;
				GCC_WARN_UNINITIALIZED_AUTOS = YES_AGGRESSIVE;
				GCC_WARN_UNUSED_FUNCTION = YES;
				GCC_WARN_UNUSED_VARIABLE = YES;
				IPHONEOS_DEPLOYMENT_TARGET = 11.4;
				MTL_ENABLE_DEBUG_INFO = NO;
				SDKROOT = iphoneos;
				SWIFT_COMPILATION_MODE = wholemodule;
				SWIFT_OPTIMIZATION_LEVEL = "-O";
				VALIDATE_PRODUCT = YES;
			};
			name = Release;
		};
		92E4E4C1212FF8D00017A8F7 /* Debug */ = {
			isa = XCBuildConfiguration;
			buildSettings = {
				ASSETCATALOG_COMPILER_APPICON_NAME = AppIcon;
				CODE_SIGN_STYLE = Automatic;
				DEVELOPMENT_TEAM = PP4LZ5PST7;
				INFOPLIST_FILE = Gestures/Info.plist;
				LD_RUNPATH_SEARCH_PATHS = (
					"$(inherited)",
					"@executable_path/Frameworks",
				);
				PRODUCT_BUNDLE_IDENTIFIER = com.pjkui.Gestures;
				PRODUCT_NAME = "$(TARGET_NAME)";
				SWIFT_VERSION = 4.0;
				TARGETED_DEVICE_FAMILY = "1,2";
			};
			name = Debug;
		};
		92E4E4C2212FF8D00017A8F7 /* Release */ = {
			isa = XCBuildConfiguration;
			buildSettings = {
				ASSETCATALOG_COMPILER_APPICON_NAME = AppIcon;
				CODE_SIGN_STYLE = Automatic;
				DEVELOPMENT_TEAM = PP4LZ5PST7;
				INFOPLIST_FILE = Gestures/Info.plist;
				LD_RUNPATH_SEARCH_PATHS = (
					"$(inherited)",
					"@executable_path/Frameworks",
				);
				PRODUCT_BUNDLE_IDENTIFIER = com.pjkui.Gestures;
				PRODUCT_NAME = "$(TARGET_NAME)";
				SWIFT_VERSION = 4.0;
				TARGETED_DEVICE_FAMILY = "1,2";
			};
			name = Release;
		};
		92E4E4C4212FF8D00017A8F7 /* Debug */ = {
			isa = XCBuildConfiguration;
			buildSettings = {
				ALWAYS_EMBED_SWIFT_STANDARD_LIBRARIES = YES;
				BUNDLE_LOADER = "$(TEST_HOST)";
				CODE_SIGN_STYLE = Automatic;
				DEVELOPMENT_TEAM = PP4LZ5PST7;
				INFOPLIST_FILE = GesturesTests/Info.plist;
				LD_RUNPATH_SEARCH_PATHS = (
					"$(inherited)",
					"@executable_path/Frameworks",
					"@loader_path/Frameworks",
				);
				PRODUCT_BUNDLE_IDENTIFIER = com.pjkui.GesturesTests;
				PRODUCT_NAME = "$(TARGET_NAME)";
				SWIFT_VERSION = 4.0;
				TARGETED_DEVICE_FAMILY = "1,2";
				TEST_HOST = "$(BUILT_PRODUCTS_DIR)/Gestures.app/Gestures";
			};
			name = Debug;
		};
		92E4E4C5212FF8D00017A8F7 /* Release */ = {
			isa = XCBuildConfiguration;
			buildSettings = {
				ALWAYS_EMBED_SWIFT_STANDARD_LIBRARIES = YES;
				BUNDLE_LOADER = "$(TEST_HOST)";
				CODE_SIGN_STYLE = Automatic;
				DEVELOPMENT_TEAM = PP4LZ5PST7;
				INFOPLIST_FILE = GesturesTests/Info.plist;
				LD_RUNPATH_SEARCH_PATHS = (
					"$(inherited)",
					"@executable_path/Frameworks",
					"@loader_path/Frameworks",
				);
				PRODUCT_BUNDLE_IDENTIFIER = com.pjkui.GesturesTests;
				PRODUCT_NAME = "$(TARGET_NAME)";
				SWIFT_VERSION = 4.0;
				TARGETED_DEVICE_FAMILY = "1,2";
				TEST_HOST = "$(BUILT_PRODUCTS_DIR)/Gestures.app/Gestures";
			};
			name = Release;
		};
		92E4E4C7212FF8D00017A8F7 /* Debug */ = {
			isa = XCBuildConfiguration;
			buildSettings = {
				ALWAYS_EMBED_SWIFT_STANDARD_LIBRARIES = YES;
				CODE_SIGN_STYLE = Automatic;
				DEVELOPMENT_TEAM = PP4LZ5PST7;
				INFOPLIST_FILE = GesturesUITests/Info.plist;
				LD_RUNPATH_SEARCH_PATHS = (
					"$(inherited)",
					"@executable_path/Frameworks",
					"@loader_path/Frameworks",
				);
				PRODUCT_BUNDLE_IDENTIFIER = com.pjkui.GesturesUITests;
				PRODUCT_NAME = "$(TARGET_NAME)";
				SWIFT_VERSION = 4.0;
				TARGETED_DEVICE_FAMILY = "1,2";
				TEST_TARGET_NAME = Gestures;
			};
			name = Debug;
		};
		92E4E4C8212FF8D00017A8F7 /* Release */ = {
			isa = XCBuildConfiguration;
			buildSettings = {
				ALWAYS_EMBED_SWIFT_STANDARD_LIBRARIES = YES;
				CODE_SIGN_STYLE = Automatic;
				DEVELOPMENT_TEAM = PP4LZ5PST7;
				INFOPLIST_FILE = GesturesUITests/Info.plist;
				LD_RUNPATH_SEARCH_PATHS = (
					"$(inherited)",
					"@executable_path/Frameworks",
					"@loader_path/Frameworks",
				);
				PRODUCT_BUNDLE_IDENTIFIER = com.pjkui.GesturesUITests;
				PRODUCT_NAME = "$(TARGET_NAME)";
				SWIFT_VERSION = 4.0;
				TARGETED_DEVICE_FAMILY = "1,2";
				TEST_TARGET_NAME = Gestures;
			};
			name = Release;
		};
/* End XCBuildConfiguration section */

/* Begin XCConfigurationList section */
		92E4E493212FF8CE0017A8F7 /* Build configuration list for PBXProject "Gestures" */ = {
			isa = XCConfigurationList;
			buildConfigurations = (
				92E4E4BE212FF8D00017A8F7 /* Debug */,
				92E4E4BF212FF8D00017A8F7 /* Release */,
			);
			defaultConfigurationIsVisible = 0;
			defaultConfigurationName = Release;
		};
		92E4E4C0212FF8D00017A8F7 /* Build configuration list for PBXNativeTarget "Gestures" */ = {
			isa = XCConfigurationList;
			buildConfigurations = (
				92E4E4C1212FF8D00017A8F7 /* Debug */,
				92E4E4C2212FF8D00017A8F7 /* Release */,
			);
			defaultConfigurationIsVisible = 0;
			defaultConfigurationName = Release;
		};
		92E4E4C3212FF8D00017A8F7 /* Build configuration list for PBXNativeTarget "GesturesTests" */ = {
			isa = XCConfigurationList;
			buildConfigurations = (
				92E4E4C4212FF8D00017A8F7 /* Debug */,
				92E4E4C5212FF8D00017A8F7 /* Release */,
			);
			defaultConfigurationIsVisible = 0;
			defaultConfigurationName = Release;
		};
		92E4E4C6212FF8D00017A8F7 /* Build configuration list for PBXNativeTarget "GesturesUITests" */ = {
			isa = XCConfigurationList;
			buildConfigurations = (
				92E4E4C7212FF8D00017A8F7 /* Debug */,
				92E4E4C8212FF8D00017A8F7 /* Release */,
			);
			defaultConfigurationIsVisible = 0;
			defaultConfigurationName = Release;
		};
/* End XCConfigurationList section */
	};
	rootObject = 92E4E490212FF8CE0017A8F7 /* Project object */;
}
